
Microsoft Visual Studio Solution File, Format Version 12.00
# Visual Studio 14
VisualStudioVersion = 14.0.25420.1
MinimumVisualStudioVersion = 10.0.40219.1
Project("{FAE04EC0-301F-11D3-BF4B-00C04F79EFBC}") = "CSharpNestedLibs", "CSharpNestedLibs\CSharpNestedLibs.csproj", "{AEC41F12-42B8-4BEC-9691-DC979C6C0AFA}"
	ProjectSection(ProjectDependencies) = postProject
		{93B6EB1A-2374-4E6C-A17C-09E8B349F863} = {93B6EB1A-2374-4E6C-A17C-09E8B349F863}
		{F943572C-8F01-41E7-8C9A-92872FC8E87F} = {F943572C-8F01-41E7-8C9A-92872FC8E87F}
	EndProjectSection
EndProject
Project("{8BC9CEB8-8B4A-11D0-8D11-00A0C91BC942}") = "LibraryOne", "LibraryOne\LibraryOne.vcxproj", "{93B6EB1A-2374-4E6C-A17C-09E8B349F863}"
EndProject
Project("{8BC9CEB8-8B4A-11D0-8D11-00A0C91BC942}") = "LibraryTwo", "LibraryTwo\LibraryTwo.vcxproj", "{F943572C-8F01-41E7-8C9A-92872FC8E87F}"
	ProjectSection(ProjectDependencies) = postProject
		{93B6EB1A-2374-4E6C-A17C-09E8B349F863} = {93B6EB1A-2374-4E6C-A17C-09E8B349F863}
	EndProjectSection
EndProject
Global
	GlobalSection(SolutionConfigurationPlatforms) = preSolution
		Debug|Any CPU = Debug|Any CPU
		Debug|x64 = Debug|x64
		Debug|x86 = Debug|x86
		Release|Any CPU = Release|Any CPU
		Release|x64 = Release|x64
		Release|x86 = Release|x86
	EndGlobalSection
	GlobalSection(ProjectConfigurationPlatforms) = postSolution
		{AEC41F12-42B8-4BEC-9691-DC979C6C0AFA}.Debug|Any CPU.ActiveCfg = Debug|Any CPU
		{AEC41F12-42B8-4BEC-9691-DC979C6C0AFA}.Debug|Any CPU.Build.0 = Debug|Any CPU
		{AEC41F12-42B8-4BEC-9691-DC979C6C0AFA}.Debug|x64.ActiveCfg = Debug|Any CPU
		{AEC41F12-42B8-4BEC-9691-DC979C6C0AFA}.Debug|x64.Build.0 = Debug|Any CPU
		{AEC41F12-42B8-4BEC-9691-DC979C6C0AFA}.Debug|x86.ActiveCfg = Debug|Any CPU
		{AEC41F12-42B8-4BEC-9691-DC979C6C0AFA}.Debug|x86.Build.0 = Debug|Any CPU
		{AEC41F12-42B8-4BEC-9691-DC979C6C0AFA}.Release|Any CPU.ActiveCfg = Release|Any CPU
		{AEC41F12-42B8-4BEC-9691-DC979C6C0AFA}.Release|Any CPU.Build.0 = Release|Any CPU
		{AEC41F12-42B8-4BEC-9691-DC979C6C0AFA}.Release|x64.ActiveCfg = Release|Any CPU
		{AEC41F12-42B8-4BEC-9691-DC979C6C0AFA}.Release|x64.Build.0 = Release|Any CPU
		{AEC41F12-42B8-4BEC-9691-DC979C6C0AFA}.Release|x86.ActiveCfg = Release|Any CPU
		{AEC41F12-42B8-4BEC-9691-DC979C6C0AFA}.Release|x86.Build.0 = Release|Any CPU
		{93B6EB1A-2374-4E6C-A17C-09E8B349F863}.Debug|Any CPU.ActiveCfg = Debug|Win32
		{93B6EB1A-2374-4E6C-A17C-09E8B349F863}.Debug|x64.ActiveCfg = Debug|x64
		{93B6EB1A-2374-4E6C-A17C-09E8B349F863}.Debug|x64.Build.0 = Debug|x64
		{93B6EB1A-2374-4E6C-A17C-09E8B349F863}.Debug|x86.ActiveCfg = Debug|Win32
		{93B6EB1A-2374-4E6C-A17C-09E8B349F863}.Debug|x86.Build.0 = Debug|Win32
		{93B6EB1A-2374-4E6C-A17C-09E8B349F863}.Release|Any CPU.ActiveCfg = Release|Win32
		{93B6EB1A-2374-4E6C-A17C-09E8B349F863}.Release|x64.ActiveCfg = Release|x64
		{93B6EB1A-2374-4E6C-A17C-09E8B349F863}.Release|x64.Build.0 = Release|x64
		{93B6EB1A-2374-4E6C-A17C-09E8B349F863}.Release|x86.ActiveCfg = Release|Win32
		{93B6EB1A-2374-4E6C-A17C-09E8B349F863}.Release|x86.Build.0 = Release|Win32
		{F943572C-8F01-41E7-8C9A-92872FC8E87F}.Debug|Any CPU.ActiveCfg = Debug|Win32
		{F943572C-8F01-41E7-8C9A-92872FC8E87F}.Debug|x64.ActiveCfg = Debug|x64
		{F943572C-8F01-41E7-8C9A-92872FC8E87F}.Debug|x64.Build.0 = Debug|x64
		{F943572C-8F01-41E7-8C9A-92872FC8E87F}.Debug|x86.ActiveCfg = Debug|Win32
		{F943572C-8F01-41E7-8C9A-92872FC8E87F}.Debug|x86.Build.0 = Debug|Win32
		{F943572C-8F01-41E7-8C9A-92872FC8E87F}.Release|Any CPU.ActiveCfg = Release|Win32
		{F943572C-8F01-41E7-8C9A-92872FC8E87F}.Release|x64.ActiveCfg = Release|x64
		{F943572C-8F01-41E7-8C9A-92872FC8E87F}.Release|x64.Build.0 = Release|x64
		{F943572C-8F01-41E7-8C9A-92872FC8E87F}.Release|x86.ActiveCfg = Release|Win32
		{F943572C-8F01-41E7-8C9A-92872FC8E87F}.Release|x86.Build.0 = Release|Win32
	EndGlobalSection
	GlobalSection(SolutionProperties) = preSolution
		HideSolutionNode = FALSE
	EndGlobalSection
EndGlobal
